
Microsoft Visual Studio Solution File, Format Version 12.00
# Visual Studio Version 17
VisualStudioVersion = 17.8.34309.116
MinimumVisualStudioVersion = 10.0.40219.1
Project("{FAE04EC0-301F-11D3-BF4B-00C04F79EFBC}") = "Gorsel Programlama Proje", "Gorsel Programlama Proje\Gorsel Programlama Proje.csproj", "{1B210A1F-D545-4F4D-B785-03BD01597B8C}"
EndProject
Global
	GlobalSection(SolutionConfigurationPlatforms) = preSolution
		Debug|Any CPU = Debug|Any CPU
		Release|Any CPU = Release|Any CPU
	EndGlobalSection
	GlobalSection(ProjectConfigurationPlatforms) = postSolution
		{1B210A1F-D545-4F4D-B785-03BD01597B8C}.Debug|Any CPU.ActiveCfg = Debug|Any CPU
		{1B210A1F-D545-4F4D-B785-03BD01597B8C}.Debug|Any CPU.Build.0 = Debug|Any CPU
		{1B210A1F-D545-4F4D-B785-03BD01597B8C}.Release|Any CPU.ActiveCfg = Release|Any CPU
		{1B210A1F-D545-4F4D-B785-03BD01597B8C}.Release|Any CPU.Build.0 = Release|Any CPU
	EndGlobalSection
	GlobalSection(SolutionProperties) = preSolution
		HideSolutionNode = FALSE
	EndGlobalSection
	GlobalSection(ExtensibilityGlobals) = postSolution
		SolutionGuid = {D9C6D90A-6C37-43F5-8E5F-317798A5CC9D}
	EndGlobalSection
EndGlobal
